
Microsoft Visual Studio Solution File, Format Version 12.00
# Visual Studio Version 17
VisualStudioVersion = 17.14.36616.10 d17.14
MinimumVisualStudioVersion = 10.0.40219.1
Project("{FAE04EC0-301F-11D3-BF4B-00C04F79EFBC}") = "calculator1", "calculator1\calculator1.csproj", "{023F9E65-2EA7-4D71-91D2-9CE62757E1BD}"
EndProject
Global
	GlobalSection(SolutionConfigurationPlatforms) = preSolution
		Debug|Any CPU = Debug|Any CPU
		Release|Any CPU = Release|Any CPU
	EndGlobalSection
	GlobalSection(ProjectConfigurationPlatforms) = postSolution
		{023F9E65-2EA7-4D71-91D2-9CE62757E1BD}.Debug|Any CPU.ActiveCfg = Debug|Any CPU
		{023F9E65-2EA7-4D71-91D2-9CE62757E1BD}.Debug|Any CPU.Build.0 = Debug|Any CPU
		{023F9E65-2EA7-4D71-91D2-9CE62757E1BD}.Release|Any CPU.ActiveCfg = Release|Any CPU
		{023F9E65-2EA7-4D71-91D2-9CE62757E1BD}.Release|Any CPU.Build.0 = Release|Any CPU
	EndGlobalSection
	GlobalSection(SolutionProperties) = preSolution
		HideSolutionNode = FALSE
	EndGlobalSection
	GlobalSection(ExtensibilityGlobals) = postSolution
		SolutionGuid = {C26A2B3A-EAAC-4494-9723-833B86A7C2D9}
	EndGlobalSection
EndGlobal
